
Microsoft Visual Studio Solution File, Format Version 12.00
# Visual Studio Version 17
VisualStudioVersion = 17.6.33829.357
MinimumVisualStudioVersion = 10.0.40219.1
Project("{FAE04EC0-301F-11D3-BF4B-00C04F79EFBC}") = "WindowsApp1", "WindowsApp1\WindowsApp1.csproj", "{AE7C53DB-7F8D-48F8-8D97-CB997A21E7AA}"
EndProject
Global
	GlobalSection(SolutionConfigurationPlatforms) = preSolution
		Debug|Any CPU = Debug|Any CPU
		Release|Any CPU = Release|Any CPU
	EndGlobalSection
	GlobalSection(ProjectConfigurationPlatforms) = postSolution
		{AE7C53DB-7F8D-48F8-8D97-CB997A21E7AA}.Debug|Any CPU.ActiveCfg = Debug|Any CPU
		{AE7C53DB-7F8D-48F8-8D97-CB997A21E7AA}.Debug|Any CPU.Build.0 = Debug|Any CPU
		{AE7C53DB-7F8D-48F8-8D97-CB997A21E7AA}.Release|Any CPU.ActiveCfg = Release|Any CPU
		{AE7C53DB-7F8D-48F8-8D97-CB997A21E7AA}.Release|Any CPU.Build.0 = Release|Any CPU
	EndGlobalSection
	GlobalSection(SolutionProperties) = preSolution
		HideSolutionNode = FALSE
	EndGlobalSection
	GlobalSection(ExtensibilityGlobals) = postSolution
		SolutionGuid = {2A826032-2580-4919-9500-DAF9D30D16B7}
	EndGlobalSection
EndGlobal
